# THIS IS AN AUTOGENERATED FILE. DO NOT EDIT THIS FILE DIRECTLY.
# yarn lockfile v1


"@state-designer/core@^1.0.16":
  version "1.0.16"
  resolved "https://registry.yarnpkg.com/@state-designer/core/-/core-1.0.16.tgz#d1cf38c8264b35f09d1e3cc5bde075439dd60802"
  integrity sha512-hreDAhlH1DTqy4AFr90PV8F8naSuEoP6AV63Q6WDuLmtTs5g+iCDIvIZzuOd4ihKWYTuw+a7KM2x6uizrWlYZA==

"@state-designer/react@^1.0.16":
  version "1.0.16"
  resolved "https://registry.yarnpkg.com/@state-designer/react/-/react-1.0.16.tgz#b65022253492f4d8caee7526ddf10d474c73c2d6"
  integrity sha512-WVzMn75lCguEHDDElca2n37oFMMh9jvV3m3Za5KiAqa0/kF3s2w9ohAEUdCR3VehnAbmtlVjtS2u+yqkXLZmRg==

typescript@^3.8.3:
  version "3.8.3"
  resolved "https://registry.yarnpkg.com/typescript/-/typescript-3.8.3.tgz#409eb8544ea0335711205869ec458ab109ee1061"
  integrity sha512-MYlEfn5VrLNsgudQTVJeNaQFUAI7DkhnOjdpAp4T+ku1TfQClewlbSuTVHiA+8skNBgaf02TL/kLOvig4y3G8w==
